
Microsoft Visual Studio Solution File, Format Version 12.00
# Visual Studio 15
Project("{FAE04EC0-301F-11D3-BF4B-00C04F79EFBC}") = "PhotonUnityNetworking.Demos", "PhotonUnityNetworking.Demos.csproj", "{919E71BB-1920-3815-2DFE-DCC4F45A7A3F}"
EndProject
Project("{FAE04EC0-301F-11D3-BF4B-00C04F79EFBC}") = "PhotonUnityNetworking.Utilities", "PhotonUnityNetworking.Utilities.csproj", "{07C3FC77-3470-B428-E89F-BF9FCFDC7554}"
EndProject
Project("{FAE04EC0-301F-11D3-BF4B-00C04F79EFBC}") = "PhotonChat", "PhotonChat.csproj", "{E33EF12F-8BC3-052C-3E5F-E60490D56FBA}"
EndProject
Project("{FAE04EC0-301F-11D3-BF4B-00C04F79EFBC}") = "PhotonUnityNetworking", "PhotonUnityNetworking.csproj", "{7932F687-7EB7-05E8-E970-BE4159698800}"
EndProject
Project("{FAE04EC0-301F-11D3-BF4B-00C04F79EFBC}") = "Assembly-CSharp", "Assembly-CSharp.csproj", "{6D05AC2C-8ACB-438C-8B78-BC2BF004CE78}"
EndProject
Project("{FAE04EC0-301F-11D3-BF4B-00C04F79EFBC}") = "PhotonRealtime", "PhotonRealtime.csproj", "{7CBF9932-78BC-3EFD-2C89-94ED762FE292}"
EndProject
Project("{FAE04EC0-301F-11D3-BF4B-00C04F79EFBC}") = "PhotonWebSocket", "PhotonWebSocket.csproj", "{0EAF0736-E0F2-6A01-63D5-EE4D4F797687}"
EndProject
Project("{FAE04EC0-301F-11D3-BF4B-00C04F79EFBC}") = "PhotonUnityNetworking.Editor", "PhotonUnityNetworking.Editor.csproj", "{ED604E47-6E92-C784-7C2D-6CC70B4B8E5C}"
EndProject
Project("{FAE04EC0-301F-11D3-BF4B-00C04F79EFBC}") = "PunDemos.DemoHubEditor", "PunDemos.DemoHubEditor.csproj", "{B42476AF-5B6A-E5FE-EB8D-A87285C9B647}"
EndProject
Project("{FAE04EC0-301F-11D3-BF4B-00C04F79EFBC}") = "PhotonUnityNetworking.Utilities.PhotonPlayer.Editor", "PhotonUnityNetworking.Utilities.PhotonPlayer.Editor.csproj", "{3B38A1F4-0B95-6A4F-92D8-E720D0B4A262}"
EndProject
Project("{FAE04EC0-301F-11D3-BF4B-00C04F79EFBC}") = "PhotonUnityNetworking.Utilities.Culling.Editor", "PhotonUnityNetworking.Utilities.Culling.Editor.csproj", "{CEC69AEB-3614-94FD-5C34-6D790FF67486}"
EndProject
Project("{FAE04EC0-301F-11D3-BF4B-00C04F79EFBC}") = "PunDemos.DemoSlotcarEditor", "PunDemos.DemoSlotcarEditor.csproj", "{F4C73D63-773D-9F0A-8A8E-3C101EA33C85}"
EndProject
Global
	GlobalSection(SolutionConfigurationPlatforms) = preSolution
		Debug|Any CPU = Debug|Any CPU
		Release|Any CPU = Release|Any CPU
	EndGlobalSection
	GlobalSection(ProjectConfigurationPlatforms) = postSolution
		{919E71BB-1920-3815-2DFE-DCC4F45A7A3F}.Debug|Any CPU.ActiveCfg = Debug|Any CPU
		{919E71BB-1920-3815-2DFE-DCC4F45A7A3F}.Debug|Any CPU.Build.0 = Debug|Any CPU
		{919E71BB-1920-3815-2DFE-DCC4F45A7A3F}.Release|Any CPU.ActiveCfg = Release|Any CPU
		{919E71BB-1920-3815-2DFE-DCC4F45A7A3F}.Release|Any CPU.Build.0 = Release|Any CPU
		{07C3FC77-3470-B428-E89F-BF9FCFDC7554}.Debug|Any CPU.ActiveCfg = Debug|Any CPU
		{07C3FC77-3470-B428-E89F-BF9FCFDC7554}.Debug|Any CPU.Build.0 = Debug|Any CPU
		{07C3FC77-3470-B428-E89F-BF9FCFDC7554}.Release|Any CPU.ActiveCfg = Release|Any CPU
		{07C3FC77-3470-B428-E89F-BF9FCFDC7554}.Release|Any CPU.Build.0 = Release|Any CPU
		{E33EF12F-8BC3-052C-3E5F-E60490D56FBA}.Debug|Any CPU.ActiveCfg = Debug|Any CPU
		{E33EF12F-8BC3-052C-3E5F-E60490D56FBA}.Debug|Any CPU.Build.0 = Debug|Any CPU
		{E33EF12F-8BC3-052C-3E5F-E60490D56FBA}.Release|Any CPU.ActiveCfg = Release|Any CPU
		{E33EF12F-8BC3-052C-3E5F-E60490D56FBA}.Release|Any CPU.Build.0 = Release|Any CPU
		{7932F687-7EB7-05E8-E970-BE4159698800}.Debug|Any CPU.ActiveCfg = Debug|Any CPU
		{7932F687-7EB7-05E8-E970-BE4159698800}.Debug|Any CPU.Build.0 = Debug|Any CPU
		{7932F687-7EB7-05E8-E970-BE4159698800}.Release|Any CPU.ActiveCfg = Release|Any CPU
		{7932F687-7EB7-05E8-E970-BE4159698800}.Release|Any CPU.Build.0 = Release|Any CPU
		{6D05AC2C-8ACB-438C-8B78-BC2BF004CE78}.Debug|Any CPU.ActiveCfg = Debug|Any CPU
		{6D05AC2C-8ACB-438C-8B78-BC2BF004CE78}.Debug|Any CPU.Build.0 = Debug|Any CPU
		{6D05AC2C-8ACB-438C-8B78-BC2BF004CE78}.Release|Any CPU.ActiveCfg = Release|Any CPU
		{6D05AC2C-8ACB-438C-8B78-BC2BF004CE78}.Release|Any CPU.Build.0 = Release|Any CPU
		{7CBF9932-78BC-3EFD-2C89-94ED762FE292}.Debug|Any CPU.ActiveCfg = Debug|Any CPU
		{7CBF9932-78BC-3EFD-2C89-94ED762FE292}.Debug|Any CPU.Build.0 = Debug|Any CPU
		{7CBF9932-78BC-3EFD-2C89-94ED762FE292}.Release|Any CPU.ActiveCfg = Release|Any CPU
		{7CBF9932-78BC-3EFD-2C89-94ED762FE292}.Release|Any CPU.Build.0 = Release|Any CPU
		{0EAF0736-E0F2-6A01-63D5-EE4D4F797687}.Debug|Any CPU.ActiveCfg = Debug|Any CPU
		{0EAF0736-E0F2-6A01-63D5-EE4D4F797687}.Debug|Any CPU.Build.0 = Debug|Any CPU
		{0EAF0736-E0F2-6A01-63D5-EE4D4F797687}.Release|Any CPU.ActiveCfg = Release|Any CPU
		{0EAF0736-E0F2-6A01-63D5-EE4D4F797687}.Release|Any CPU.Build.0 = Release|Any CPU
		{ED604E47-6E92-C784-7C2D-6CC70B4B8E5C}.Debug|Any CPU.ActiveCfg = Debug|Any CPU
		{ED604E47-6E92-C784-7C2D-6CC70B4B8E5C}.Debug|Any CPU.Build.0 = Debug|Any CPU
		{ED604E47-6E92-C784-7C2D-6CC70B4B8E5C}.Release|Any CPU.ActiveCfg = Release|Any CPU
		{ED604E47-6E92-C784-7C2D-6CC70B4B8E5C}.Release|Any CPU.Build.0 = Release|Any CPU
		{B42476AF-5B6A-E5FE-EB8D-A87285C9B647}.Debug|Any CPU.ActiveCfg = Debug|Any CPU
		{B42476AF-5B6A-E5FE-EB8D-A87285C9B647}.Debug|Any CPU.Build.0 = Debug|Any CPU
		{B42476AF-5B6A-E5FE-EB8D-A87285C9B647}.Release|Any CPU.ActiveCfg = Release|Any CPU
		{B42476AF-5B6A-E5FE-EB8D-A87285C9B647}.Release|Any CPU.Build.0 = Release|Any CPU
		{3B38A1F4-0B95-6A4F-92D8-E720D0B4A262}.Debug|Any CPU.ActiveCfg = Debug|Any CPU
		{3B38A1F4-0B95-6A4F-92D8-E720D0B4A262}.Debug|Any CPU.Build.0 = Debug|Any CPU
		{3B38A1F4-0B95-6A4F-92D8-E720D0B4A262}.Release|Any CPU.ActiveCfg = Release|Any CPU
		{3B38A1F4-0B95-6A4F-92D8-E720D0B4A262}.Release|Any CPU.Build.0 = Release|Any CPU
		{CEC69AEB-3614-94FD-5C34-6D790FF67486}.Debug|Any CPU.ActiveCfg = Debug|Any CPU
		{CEC69AEB-3614-94FD-5C34-6D790FF67486}.Debug|Any CPU.Build.0 = Debug|Any CPU
		{CEC69AEB-3614-94FD-5C34-6D790FF67486}.Release|Any CPU.ActiveCfg = Release|Any CPU
		{CEC69AEB-3614-94FD-5C34-6D790FF67486}.Release|Any CPU.Build.0 = Release|Any CPU
		{F4C73D63-773D-9F0A-8A8E-3C101EA33C85}.Debug|Any CPU.ActiveCfg = Debug|Any CPU
		{F4C73D63-773D-9F0A-8A8E-3C101EA33C85}.Debug|Any CPU.Build.0 = Debug|Any CPU
		{F4C73D63-773D-9F0A-8A8E-3C101EA33C85}.Release|Any CPU.ActiveCfg = Release|Any CPU
		{F4C73D63-773D-9F0A-8A8E-3C101EA33C85}.Release|Any CPU.Build.0 = Release|Any CPU
	EndGlobalSection
	GlobalSection(SolutionProperties) = preSolution
		HideSolutionNode = FALSE
	EndGlobalSection
EndGlobal
